
Microsoft Visual Studio Solution File, Format Version 12.00
Project("{FAE04EC0-301F-11D3-BF4B-00C04F79EFBC}") = "WebHostXam.Android", "WebHostXam.Android.csproj", "{6E305324-8AEC-42E8-AF9F-39D2488FAE6D}"
EndProject
Project("{FAE04EC0-301F-11D3-BF4B-00C04F79EFBC}") = "WebHostXam", "WebHostXam\WebHostXam.csproj", "{C441B70B-5A0F-4534-A983-53477B736556}"
EndProject
Global
	GlobalSection(SolutionConfigurationPlatforms) = preSolution
		Debug|Any CPU = Debug|Any CPU
		Release|Any CPU = Release|Any CPU
	EndGlobalSection
	GlobalSection(ProjectConfigurationPlatforms) = postSolution
		{6E305324-8AEC-42E8-AF9F-39D2488FAE6D}.Debug|Any CPU.ActiveCfg = Debug|Any CPU
		{6E305324-8AEC-42E8-AF9F-39D2488FAE6D}.Debug|Any CPU.Build.0 = Debug|Any CPU
		{6E305324-8AEC-42E8-AF9F-39D2488FAE6D}.Debug|Any CPU.Deploy.0 = Debug|Any CPU
		{6E305324-8AEC-42E8-AF9F-39D2488FAE6D}.Release|Any CPU.ActiveCfg = Release|Any CPU
		{6E305324-8AEC-42E8-AF9F-39D2488FAE6D}.Release|Any CPU.Build.0 = Release|Any CPU
		{6E305324-8AEC-42E8-AF9F-39D2488FAE6D}.Release|Any CPU.Deploy.0 = Release|Any CPU
		{C441B70B-5A0F-4534-A983-53477B736556}.Debug|Any CPU.ActiveCfg = Debug|Any CPU
		{C441B70B-5A0F-4534-A983-53477B736556}.Debug|Any CPU.Build.0 = Debug|Any CPU
		{C441B70B-5A0F-4534-A983-53477B736556}.Release|Any CPU.ActiveCfg = Release|Any CPU
		{C441B70B-5A0F-4534-A983-53477B736556}.Release|Any CPU.Build.0 = Release|Any CPU
	EndGlobalSection
EndGlobal
